
Microsoft Visual Studio Solution File, Format Version 12.00
# Visual Studio 15
VisualStudioVersion = 15.0.28307.572
MinimumVisualStudioVersion = 10.0.40219.1
Project("{FAE04EC0-301F-11D3-BF4B-00C04F79EFBC}") = "ClassProject", "ClassProject\ClassProject.csproj", "{320DF1E4-872D-43F3-AA8A-8949818DF21E}"
EndProject
Global
	GlobalSection(SolutionConfigurationPlatforms) = preSolution
		Debug|Any CPU = Debug|Any CPU
		Release|Any CPU = Release|Any CPU
	EndGlobalSection
	GlobalSection(ProjectConfigurationPlatforms) = postSolution
		{320DF1E4-872D-43F3-AA8A-8949818DF21E}.Debug|Any CPU.ActiveCfg = Debug|Any CPU
		{320DF1E4-872D-43F3-AA8A-8949818DF21E}.Debug|Any CPU.Build.0 = Debug|Any CPU
		{320DF1E4-872D-43F3-AA8A-8949818DF21E}.Release|Any CPU.ActiveCfg = Release|Any CPU
		{320DF1E4-872D-43F3-AA8A-8949818DF21E}.Release|Any CPU.Build.0 = Release|Any CPU
	EndGlobalSection
	GlobalSection(SolutionProperties) = preSolution
		HideSolutionNode = FALSE
	EndGlobalSection
	GlobalSection(ExtensibilityGlobals) = postSolution
		SolutionGuid = {A2B64C31-0B4E-4B91-BF8B-4AF62DD9D717}
	EndGlobalSection
EndGlobal
